// !$*UTF8*$!
{
	archiveVersion = 1;
	classes = {
	};
	objectVersion = 46;
	objects = {

/* Begin PBXBuildFile section */
		BC469BC21D6DE57D00E509E8 /* AppDelegate.swift in Sources */ = {isa = PBXBuildFile; fileRef = BC469BC11D6DE57D00E509E8 /* AppDelegate.swift */; };
		BC469BC41D6DE57D00E509E8 /* ViewController.swift in Sources */ = {isa = PBXBuildFile; fileRef = BC469BC31D6DE57D00E509E8 /* ViewController.swift */; };
		BC469BC71D6DE57D00E509E8 /* Main.storyboard in Resources */ = {isa = PBXBuildFile; fileRef = BC469BC51D6DE57D00E509E8 /* Main.storyboard */; };
		BC469BC91D6DE57D00E509E8 /* Assets.xcassets in Resources */ = {isa = PBXBuildFile; fileRef = BC469BC81D6DE57D00E509E8 /* Assets.xcassets */; };
		BC469BCC1D6DE57D00E509E8 /* LaunchScreen.storyboard in Resources */ = {isa = PBXBuildFile; fileRef = BC469BCA1D6DE57D00E509E8 /* LaunchScreen.storyboard */; };
/* End PBXBuildFile section */

/* Begin PBXFileReference section */
		BC469BBE1D6DE57C00E509E8 /* TestAsync.app */ = {isa = PBXFileReference; explicitFileType = wrapper.application; includeInIndex = 0; path = TestAsync.app; sourceTree = BUILT_PRODUCTS_DIR; };
		BC469BC11D6DE57D00E509E8 /* AppDelegate.swift */ = {isa = PBXFileReference; lastKnownFileType = sourcecode.swift; path = AppDelegate.swift; sourceTree = "<group>"; };
		BC469BC31D6DE57D00E509E8 /* ViewController.swift */ = {isa = PBXFileReference; lastKnownFileType = sourcecode.swift; path = ViewController.swift; sourceTree = "<group>"; };
		BC469BC61D6DE57D00E509E8 /* Base */ = {isa = PBXFileReference; lastKnownFileType = file.storyboard; name = Base; path = Base.lproj/Main.storyboard; sourceTree = "<group>"; };
		BC469BC81D6DE57D00E509E8 /* Assets.xcassets */ = {isa = PBXFileReference; lastKnownFileType = folder.assetcatalog; path = Assets.xcassets; sourceTree = "<group>"; };
		BC469BCB1D6DE57D00E509E8 /* Base */ = {isa = PBXFileReference; lastKnownFileType = file.storyboard; name = Base; path = Base.lproj/LaunchScreen.storyboard; sourceTree = "<group>"; };
		BC469BCD1D6DE57D00E509E8 /* Info.plist */ = {isa = PBXFileReference; lastKnownFileType = text.plist.xml; path = Info.plist; sourceTree = "<group>"; };
/* End PBXFileReference section */

/* Begin PBXFrameworksBuildPhase section */
		BC469BBB1D6DE57C00E509E8 /* Frameworks */ = {
			isa = PBXFrameworksBuildPhase;
			buildActionMask = 2147483647;
			files = (
			);
			runOnlyForDeploymentPostprocessing = 0;
		};
/* End PBXFrameworksBuildPhase section */

/* Begin PBXGroup section */
		BC469BB51D6DE57C00E509E8 = {
			isa = PBXGroup;
			children = (
				BC469BC01D6DE57C00E509E8 /* TestAsync */,
				BC469BBF1D6DE57C00E509E8 /* Products */,
			);
			sourceTree = "<group>";
		};
		BC469BBF1D6DE57C00E509E8 /* Products */ = {
			isa = PBXGroup;
			children = (
				BC469BBE1D6DE57C00E509E8 /* TestAsync.app */,
			);
			name = Products;
			sourceTree = "<group>";
		};
		BC469BC01D6DE57C00E509E8 /* TestAsync */ = {
			isa = PBXGroup;
			children = (
				BC469BC11D6DE57D00E509E8 /* AppDelegate.swift */,
				BC469BC31D6DE57D00E509E8 /* ViewController.swift */,
				BC469BC51D6DE57D00E509E8 /* Main.storyboard */,
				BC469BC81D6DE57D00E509E8 /* Assets.xcassets */,
				BC469BCA1D6DE57D00E509E8 /* LaunchScreen.storyboard */,
				BC469BCD1D6DE57D00E509E8 /* Info.plist */,
			);
			path = TestAsync;
			sourceTree = "<group>";
		};
/* End PBXGroup section */

/* Begin PBXNativeTarget section */
		BC469BBD1D6DE57C00E509E8 /* TestAsync */ = {
			isa = PBXNativeTarget;
			buildConfigurationList = BC469BD01D6DE57D00E509E8 /* Build configuration list for PBXNativeTarget "TestAsync" */;
			buildPhases = (
				BC469BBA1D6DE57C00E509E8 /* Sources */,
				BC469BBB1D6DE57C00E509E8 /* Frameworks */,
				BC469BBC1D6DE57C00E509E8 /* Resources */,
			);
			buildRules = (
			);
			dependencies = (
			);
			name = TestAsync;
			productName = TestAsync;
			productReference = BC469BBE1D6DE57C00E509E8 /* TestAsync.app */;
			productType = "com.apple.product-type.application";
		};
/* End PBXNativeTarget section */

/* Begin PBXProject section */
		BC469BB61D6DE57C00E509E8 /* Project object */ = {
			isa = PBXProject;
			attributes = {
				LastSwiftUpdateCheck = 0730;
				LastUpgradeCheck = 0730;
				ORGANIZATIONNAME = wenjin;
				TargetAttributes = {
					BC469BBD1D6DE57C00E509E8 = {
						CreatedOnToolsVersion = 7.3.1;
						LastSwiftMigration = 0820;
					};
				};
			};
			buildConfigurationList = BC469BB91D6DE57C00E509E8 /* Build configuration list for PBXProject "TestAsync" */;
			compatibilityVersion = "Xcode 3.2";
			developmentRegion = English;
			hasScannedForEncodings = 0;
			knownRegions = (
				en,
				Base,
			);
			mainGroup = BC469BB51D6DE57C00E509E8;
			productRefGroup = BC469BBF1D6DE57C00E509E8 /* Products */;
			projectDirPath = "";
			projectRoot = "";
			targets = (
				BC469BBD1D6DE57C00E509E8 /* TestAsync */,
			);
		};
/* End PBXProject section */

/* Begin PBXResourcesBuildPhase section */
		BC469BBC1D6DE57C00E509E8 /* Resources */ = {
			isa = PBXResourcesBuildPhase;
			buildActionMask = 2147483647;
			files = (
				BC469BCC1D6DE57D00E509E8 /* LaunchScreen.storyboard in Resources */,
				BC469BC91D6DE57D00E509E8 /* Assets.xcassets in Resources */,
				BC469BC71D6DE57D00E509E8 /* Main.storyboard in Resources */,
			);
			runOnlyForDeploymentPostprocessing = 0;
		};
/* End PBXResourcesBuildPhase section */

/* Begin PBXSourcesBuildPhase section */
		BC469BBA1D6DE57C00E509E8 /* Sources */ = {
			isa = PBXSourcesBuildPhase;
			buildActionMask = 2147483647;
			files = (
				BC469BC41D6DE57D00E509E8 /* ViewController.swift in Sources */,
				BC469BC21D6DE57D00E509E8 /* AppDelegate.swift in Sources */,
			);
			runOnlyForDeploymentPostprocessing = 0;
		};
/* End PBXSourcesBuildPhase section */

/* Begin PBXVariantGroup section */
		BC469BC51D6DE57D00E509E8 /* Main.storyboard */ = {
			isa = PBXVariantGroup;
			children = (
				BC469BC61D6DE57D00E509E8 /* Base */,
			);
			name = Main.storyboard;
			sourceTree = "<group>";
		};
		BC469BCA1D6DE57D00E509E8 /* LaunchScreen.storyboard */ = {
			isa = PBXVariantGroup;
			children = (
				BC469BCB1D6DE57D00E509E8 /* Base */,
			);
			name = LaunchScreen.storyboard;
			sourceTree = "<group>";
		};
/* End PBXVariantGroup section */

/* Begin XCBuildConfiguration section */
		BC469BCE1D6DE57D00E509E8 /* Debug */ = {
			isa = XCBuildConfiguration;
			buildSettings = {
				ALWAYS_SEARCH_USER_PATHS = NO;
				CLANG_ANALYZER_NONNULL = YES;
				CLANG_CXX_LANGUAGE_STANDARD = "gnu++0x";
				CLANG_CXX_LIBRARY = "libc++";
				CLANG_ENABLE_MODULES = YES;
				CLANG_ENABLE_OBJC_ARC = YES;
				CLANG_WARN_BOOL_CONVERSION = YES;
				CLANG_WARN_CONSTANT_CONVERSION = YES;
				CLANG_WARN_DIRECT_OBJC_ISA_USAGE = YES_ERROR;
				CLANG_WARN_EMPTY_BODY = YES;
				CLANG_WARN_ENUM_CONVERSION = YES;
				CLANG_WARN_INT_CONVERSION = YES;
				CLANG_WARN_OBJC_ROOT_CLASS = YES_ERROR;
				CLANG_WARN_UNREACHABLE_CODE = YES;
				CLANG_WARN__DUPLICATE_METHOD_MATCH = YES;
				"CODE_SIGN_IDENTITY[sdk=iphoneos*]" = "iPhone Developer";
				COPY_PHASE_STRIP = NO;
				DEBUG_INFORMATION_FORMAT = dwarf;
				ENABLE_STRICT_OBJC_MSGSEND = YES;
				ENABLE_TESTABILITY = YES;
				GCC_C_LANGUAGE_STANDARD = gnu99;
				GCC_DYNAMIC_NO_PIC = NO;
				GCC_NO_COMMON_BLOCKS = YES;
				GCC_OPTIMIZATION_LEVEL = 0;
				GCC_PREPROCESSOR_DEFINITIONS = (
					"DEBUG=1",
					"$(inherited)",
				);
				GCC_WARN_64_TO_32_BIT_CONVERSION = YES;
				GCC_WARN_ABOUT_RETURN_TYPE = YES_ERROR;
				GCC_WARN_UNDECLARED_SELECTOR = YES;
				GCC_WARN_UNINITIALIZED_AUTOS = YES_AGGRESSIVE;
				GCC_WARN_UNUSED_FUNCTION = YES;
				GCC_WARN_UNUSED_VARIABLE = YES;
				IPHONEOS_DEPLOYMENT_TARGET = 9.3;
				MTL_ENABLE_DEBUG_INFO = YES;
				ONLY_ACTIVE_ARCH = YES;
				SDKROOT = iphoneos;
				SWIFT_OPTIMIZATION_LEVEL = "-Onone";
			};
			name = Debug;
		};
		BC469BCF1D6DE57D00E509E8 /* Release */ = {
			isa = XCBuildConfiguration;
			buildSettings = {
				ALWAYS_SEARCH_USER_PATHS = NO;
				CLANG_ANALYZER_NONNULL = YES;
				CLANG_CXX_LANGUAGE_STANDARD = "gnu++0x";
				CLANG_CXX_LIBRARY = "libc++";
				CLANG_ENABLE_MODULES = YES;
				CLANG_ENABLE_OBJC_ARC = YES;
				CLANG_WARN_BOOL_CONVERSION = YES;
				CLANG_WARN_CONSTANT_CONVERSION = YES;
				CLANG_WARN_DIRECT_OBJC_ISA_USAGE = YES_ERROR;
				CLANG_WARN_EMPTY_BODY = YES;
				CLANG_WARN_ENUM_CONVERSION = YES;
				CLANG_WARN_INT_CONVERSION = YES;
				CLANG_WARN_OBJC_ROOT_CLASS = YES_ERROR;
				CLANG_WARN_UNREACHABLE_CODE = YES;
				CLANG_WARN__DUPLICATE_METHOD_MATCH = YES;
				"CODE_SIGN_IDENTITY[sdk=iphoneos*]" = "iPhone Developer";
				COPY_PHASE_STRIP = NO;
				DEBUG_INFORMATION_FORMAT = "dwarf-with-dsym";
				ENABLE_NS_ASSERTIONS = NO;
				ENABLE_STRICT_OBJC_MSGSEND = YES;
				GCC_C_LANGUAGE_STANDARD = gnu99;
				GCC_NO_COMMON_BLOCKS = YES;
				GCC_WARN_64_TO_32_BIT_CONVERSION = YES;
				GCC_WARN_ABOUT_RETURN_TYPE = YES_ERROR;
				GCC_WARN_UNDECLARED_SELECTOR = YES;
				GCC_WARN_UNINITIALIZED_AUTOS = YES_AGGRESSIVE;
				GCC_WARN_UNUSED_FUNCTION = YES;
				GCC_WARN_UNUSED_VARIABLE = YES;
				IPHONEOS_DEPLOYMENT_TARGET = 9.3;
				MTL_ENABLE_DEBUG_INFO = NO;
				SDKROOT = iphoneos;
				VALIDATE_PRODUCT = YES;
			};
			name = Release;
		};
		BC469BD11D6DE57D00E509E8 /* Debug */ = {
			isa = XCBuildConfiguration;
			buildSettings = {
				ASSETCATALOG_COMPILER_APPICON_NAME = AppIcon;
				INFOPLIST_FILE = TestAsync/Info.plist;
				LD_RUNPATH_SEARCH_PATHS = "$(inherited) @executable_path/Frameworks";
				PRODUCT_BUNDLE_IDENTIFIER = s.TestAsync;
				PRODUCT_NAME = "$(TARGET_NAME)";
				SWIFT_VERSION = 3.0;
			};
			name = Debug;
		};
		BC469BD21D6DE57D00E509E8 /* Release */ = {
			isa = XCBuildConfiguration;
			buildSettings = {
				ASSETCATALOG_COMPILER_APPICON_NAME = AppIcon;
				INFOPLIST_FILE = TestAsync/Info.plist;
				LD_RUNPATH_SEARCH_PATHS = "$(inherited) @executable_path/Frameworks";
				PRODUCT_BUNDLE_IDENTIFIER = s.TestAsync;
				PRODUCT_NAME = "$(TARGET_NAME)";
				SWIFT_VERSION = 3.0;
			};
			name = Release;
		};
/* End XCBuildConfiguration section */

/* Begin XCConfigurationList section */
		BC469BB91D6DE57C00E509E8 /* Build configuration list for PBXProject "TestAsync" */ = {
			isa = XCConfigurationList;
			buildConfigurations = (
				BC469BCE1D6DE57D00E509E8 /* Debug */,
				BC469BCF1D6DE57D00E509E8 /* Release */,
			);
			defaultConfigurationIsVisible = 0;
			defaultConfigurationName = Release;
		};
		BC469BD01D6DE57D00E509E8 /* Build configuration list for PBXNativeTarget "TestAsync" */ = {
			isa = XCConfigurationList;
			buildConfigurations = (
				BC469BD11D6DE57D00E509E8 /* Debug */,
				BC469BD21D6DE57D00E509E8 /* Release */,
			);
			defaultConfigurationIsVisible = 0;
			defaultConfigurationName = Release;
		};
/* End XCConfigurationList section */
	};
	rootObject = BC469BB61D6DE57C00E509E8 /* Project object */;
}
